Microsoft Visual Studio Solution File, Format Version 12.00
# Visual Studio Version 17
VisualStudioVersion = 17.5.2.0
MinimumVisualStudioVersion = 10.0.40219.1
Project("{FAE04EC0-301F-11D3-BF4B-00C04F79EFBC}") = "rt", "rt.csproj", "{F775FCEE-C576-F808-277C-42B419D984A8}"
EndProject
Global
	GlobalSection(SolutionConfigurationPlatforms) = preSolution
		Debug|Any CPU = Debug|Any CPU
		Release|Any CPU = Release|Any CPU
	EndGlobalSection
	GlobalSection(ProjectConfigurationPlatforms) = postSolution
		{F775FCEE-C576-F808-277C-42B419D984A8}.Debug|Any CPU.ActiveCfg = Debug|Any CPU
		{F775FCEE-C576-F808-277C-42B419D984A8}.Debug|Any CPU.Build.0 = Debug|Any CPU
		{F775FCEE-C576-F808-277C-42B419D984A8}.Release|Any CPU.ActiveCfg = Release|Any CPU
		{F775FCEE-C576-F808-277C-42B419D984A8}.Release|Any CPU.Build.0 = Release|Any CPU
	EndGlobalSection
	GlobalSection(SolutionProperties) = preSolution
		HideSolutionNode = FALSE
	EndGlobalSection
	GlobalSection(ExtensibilityGlobals) = postSolution
		SolutionGuid = {30E53A8A-16FF-4D03-B6C1-267B83BAA5B4}
	EndGlobalSection
EndGlobal
